# This file is autogenerated, do not edit; changes may be undone by the next 'dep ensure'.


[[projects]]
  digest = "1:368def00eae488296113b74b88b546b656ae09ac46f460e29d2be2347a8f5faa"
  name = "github.com/aws/aws-lambda-go"
  packages = [
    "events",
    "lambda",
    "lambda/handlertrace",
    "lambda/messages",
    "lambdacontext",
  ]
  pruneopts = "UT"
  revision = "c67fadea00272ce2b8227d4ca900da882b290694"
  version = "v1.17.0"

[[projects]]
  digest = "1:e3db6e7f1889e2eafb314d5f558c3c7d3d98e64e5519813ebe2e335a2587ff53"
  name = "github.com/aws/aws-sdk-go"
  packages = [
    "aws",
    "aws/awserr",
    "aws/awsutil",
    "aws/client",
    "aws/client/metadata",
    "aws/corehandlers",
    "aws/credentials",
    "aws/credentials/ec2rolecreds",
    "aws/credentials/endpointcreds",
    "aws/credentials/processcreds",
    "aws/credentials/stscreds",
    "aws/crr",
    "aws/csm",
    "aws/defaults",
    "aws/ec2metadata",
    "aws/endpoints",
    "aws/request",
    "aws/session",
    "aws/signer/v4",
    "internal/context",
    "internal/ini",
    "internal/sdkio",
    "internal/sdkmath",
    "internal/sdkrand",
    "internal/sdkuri",
    "internal/shareddefaults",
    "internal/strings",
    "internal/sync/singleflight",
    "private/protocol",
    "private/protocol/json/jsonutil",
    "private/protocol/jsonrpc",
    "private/protocol/query",
    "private/protocol/query/queryutil",
    "private/protocol/rest",
    "private/protocol/xml/xmlutil",
    "service/dynamodb",
    "service/dynamodb/dynamodbattribute",
    "service/dynamodb/expression",
    "service/sts",
    "service/sts/stsiface",
  ]
  pruneopts = "UT"
  revision = "9e52c7bbf58d1f0910d05b24f4ce5728b2fd7c52"
  version = "v1.32.7"

[[projects]]
  digest = "1:e1cbe9ce835f515ce57500b8db6b94f399650bea2ddfac59f9b05d98db77a96d"
  name = "github.com/go-playground/locales"
  packages = [
    ".",
    "currency",
  ]
  pruneopts = "UT"
  revision = "9f105231d3a5f6877a2bf8321dfa15ea6f844b1b"
  version = "v0.13.0"

[[projects]]
  digest = "1:0d18fff5db6983e912eb2ac15038ed3eabb8ec03c9bd9129b10cd0213f50ec6d"
  name = "github.com/go-playground/universal-translator"
  packages = ["."]
  pruneopts = "UT"
  revision = "f87b1403479a348651dbf5f07f5cc6e5fcf07008"
  version = "v0.17.0"

[[projects]]
  digest = "1:bb81097a5b62634f3e9fec1014657855610c82d19b9a40c17612e32651e35dca"
  name = "github.com/jmespath/go-jmespath"
  packages = ["."]
  pruneopts = "UT"
  revision = "c2b33e84"

[[projects]]
  digest = "1:803b281410ec195645c782ddb9cb029d43c2855d4b7824ea31104985b507a458"
  name = "github.com/leodido/go-urn"
  packages = ["."]
  pruneopts = "UT"
  revision = "a0f5013415294bb94553821ace21a1a74c0298cc"
  version = "v1.2.0"

[[projects]]
  digest = "1:274f67cb6fed9588ea2521ecdac05a6d62a8c51c074c1fccc6a49a40ba80e925"
  name = "github.com/satori/go.uuid"
  packages = ["."]
  pruneopts = "UT"
  revision = "f58768cc1a7a7e77a3bd49e98cdd21419399b6a3"
  version = "v1.2.0"

[[projects]]
  digest = "1:0e49ce3bb641491517ba5035619be50aa07619814665c9761d0decb48f35ea94"
  name = "gopkg.in/go-playground/validator.v9"
  packages = ["."]
  pruneopts = "UT"
  revision = "21c910fc6d9c3556c28252b04beb17de0c2d40ec"
  version = "v9.31.0"

[solve-meta]
  analyzer-name = "dep"
  analyzer-version = 1
  input-imports = [
    "github.com/aws/aws-lambda-go/events",
    "github.com/aws/aws-lambda-go/lambda",
    "github.com/aws/aws-sdk-go/aws",
    "github.com/aws/aws-sdk-go/aws/session",
    "github.com/aws/aws-sdk-go/service/dynamodb",
    "github.com/aws/aws-sdk-go/service/dynamodb/dynamodbattribute",
    "github.com/aws/aws-sdk-go/service/dynamodb/expression",
    "github.com/satori/go.uuid",
    "gopkg.in/go-playground/validator.v9",
  ]
  solver-name = "gps-cdcl"
  solver-version = 1
